{
  "version": 4,
  "terraform_version": "1.5.7",
  "serial": 6,
  "lineage": "3d804f5f-bef6-0859-7b76-8185c2669dde",
  "outputs": {},
  "resources": [
    {
      "mode": "managed",
      "type": "aws_eip",
      "name": "test_eip",
      "provider": "provider[\"registry.terraform.io/hashicorp/aws\"]",
      "instances": [
        {
          "schema_version": 0,
          "attributes": {
            "address": null,
            "allocation_id": "eipalloc-03fa92599e6e0c460",
            "associate_with_private_ip": null,
            "association_id": "",
            "carrier_ip": "",
            "customer_owned_ip": "",
            "customer_owned_ipv4_pool": "",
            "domain": "vpc",
            "id": "eipalloc-03fa92599e6e0c460",
            "instance": "",
            "network_border_group": "eu-west-2",
            "network_interface": "",
            "private_dns": null,
            "private_ip": "",
            "public_dns": "ec2-13-43-166-122.eu-west-2.compute.amazonaws.com",
            "public_ip": "13.43.166.122",
            "public_ipv4_pool": "amazon",
            "tags": {
              "Name": "terraform_eip"
            },
            "tags_all": {
              "Name": "terraform_eip"
            },
            "timeouts": null,
            "vpc": true
          },
          "sensitive_attributes": [],
          "private": "eyJlMmJmYjczMC1lY2FhLTExZTYtOGY4OC0zNDM2M2JjN2M0YzAiOnsiZGVsZXRlIjoxODAwMDAwMDAwMDAsInJlYWQiOjkwMDAwMDAwMDAwMCwidXBkYXRlIjozMDAwMDAwMDAwMDB9fQ=="
        }
      ]
    },
    {
      "mode": "managed",
      "type": "aws_security_group",
      "name": "test_security_group",
      "provider": "provider[\"registry.terraform.io/hashicorp/aws\"]",
      "instances": [
        {
          "schema_version": 1,
          "attributes": {
            "arn": "arn:aws:ec2:eu-west-2:014356450859:security-group/sg-0de44ea63ebf8f8ca",
            "description": "Allow TLS inbound traffic",
            "egress": [],
            "id": "sg-0de44ea63ebf8f8ca",
            "ingress": [
              {
                "cidr_blocks": [
                  "13.43.166.122/32"
                ],
                "description": "TLS from VPC",
                "from_port": 443,
                "ipv6_cidr_blocks": [],
                "prefix_list_ids": [],
                "protocol": "tcp",
                "security_groups": [],
                "self": false,
                "to_port": 443
              }
            ],
            "name": "allow_tls",
            "name_prefix": "",
            "owner_id": "014356450859",
            "revoke_rules_on_delete": false,
            "tags": {
              "Name": "allow_tls_from_terraform"
            },
            "tags_all": {
              "Name": "allow_tls_from_terraform"
            },
            "timeouts": null,
            "vpc_id": "vpc-4881a920"
          },
          "sensitive_attributes": [],
          "private": "eyJlMmJmYjczMC1lY2FhLTExZTYtOGY4OC0zNDM2M2JjN2M0YzAiOnsiY3JlYXRlIjo2MDAwMDAwMDAwMDAsImRlbGV0ZSI6OTAwMDAwMDAwMDAwfSwic2NoZW1hX3ZlcnNpb24iOiIxIn0=",
          "dependencies": [
            "aws_eip.test_eip"
          ]
        }
      ]
    }
  ],
  "check_results": null
}
