{
  "version": 4,
  "terraform_version": "1.5.7",
  "serial": 2,
  "lineage": "81ed3a22-e42b-7156-d46e-362f7c7fa5f2",
  "outputs": {
    "all_eip_attributes": {
      "value": {
        "address": null,
        "allocation_id": "eipalloc-0906ed673c613bdaf",
        "associate_with_private_ip": null,
        "association_id": "",
        "carrier_ip": "",
        "customer_owned_ip": "",
        "customer_owned_ipv4_pool": "",
        "domain": "vpc",
        "id": "eipalloc-0906ed673c613bdaf",
        "instance": "",
        "network_border_group": "eu-west-2",
        "network_interface": "",
        "private_dns": null,
        "private_ip": "",
        "public_dns": "ec2-13-43-152-214.eu-west-2.compute.amazonaws.com",
        "public_ip": "13.43.152.214",
        "public_ipv4_pool": "amazon",
        "tags": {
          "Name": "terraform_output_eip"
        },
        "tags_all": {
          "Name": "terraform_output_eip"
        },
        "timeouts": null,
        "vpc": true
      },
      "type": [
        "object",
        {
          "address": "string",
          "allocation_id": "string",
          "associate_with_private_ip": "string",
          "association_id": "string",
          "carrier_ip": "string",
          "customer_owned_ip": "string",
          "customer_owned_ipv4_pool": "string",
          "domain": "string",
          "id": "string",
          "instance": "string",
          "network_border_group": "string",
          "network_interface": "string",
          "private_dns": "string",
          "private_ip": "string",
          "public_dns": "string",
          "public_ip": "string",
          "public_ipv4_pool": "string",
          "tags": [
            "map",
            "string"
          ],
          "tags_all": [
            "map",
            "string"
          ],
          "timeouts": [
            "object",
            {
              "delete": "string",
              "read": "string",
              "update": "string"
            }
          ],
          "vpc": "bool"
        }
      ]
    },
    "public_ip": {
      "value": "13.43.152.214",
      "type": "string"
    }
  },
  "resources": [
    {
      "mode": "managed",
      "type": "aws_eip",
      "name": "output_eip",
      "provider": "provider[\"registry.terraform.io/hashicorp/aws\"]",
      "instances": [
        {
          "schema_version": 0,
          "attributes": {
            "address": null,
            "allocation_id": "eipalloc-0906ed673c613bdaf",
            "associate_with_private_ip": null,
            "association_id": "",
            "carrier_ip": "",
            "customer_owned_ip": "",
            "customer_owned_ipv4_pool": "",
            "domain": "vpc",
            "id": "eipalloc-0906ed673c613bdaf",
            "instance": "",
            "network_border_group": "eu-west-2",
            "network_interface": "",
            "private_dns": null,
            "private_ip": "",
            "public_dns": "ec2-13-43-152-214.eu-west-2.compute.amazonaws.com",
            "public_ip": "13.43.152.214",
            "public_ipv4_pool": "amazon",
            "tags": {
              "Name": "terraform_output_eip"
            },
            "tags_all": {
              "Name": "terraform_output_eip"
            },
            "timeouts": null,
            "vpc": true
          },
          "sensitive_attributes": [],
          "private": "eyJlMmJmYjczMC1lY2FhLTExZTYtOGY4OC0zNDM2M2JjN2M0YzAiOnsiZGVsZXRlIjoxODAwMDAwMDAwMDAsInJlYWQiOjkwMDAwMDAwMDAwMCwidXBkYXRlIjozMDAwMDAwMDAwMDB9fQ=="
        }
      ]
    }
  ],
  "check_results": null
}
